<?xml version="1.0" encoding="UTF-8" standalone="yes" ?>
<CodeBlocks_project_file>
	<FileVersion major="1" minor="6" />
	<Project>
		<Option title="CLUTCH-proyectoFinal" />
		<Option pch_mode="2" />
		<Option compiler="gcc" />
		<Build>
			<Target title="Debug">
				<Option output="bin/Debug/CLUTCH-proyectoFinal" prefix_auto="1" extension_auto="1" />
				<Option object_output="obj/Debug/" />
				<Option type="1" />
				<Option compiler="gcc" />
				<Compiler>
					<Add option="-g" />
				</Compiler>
			</Target>
			<Target title="Release">
				<Option output="bin/Release/CLUTCH-proyectoFinal" prefix_auto="1" extension_auto="1" />
				<Option object_output="obj/Release/" />
				<Option type="1" />
				<Option compiler="gcc" />
				<Compiler>
					<Add option="-O2" />
				</Compiler>
				<Linker>
					<Add option="-s" />
				</Linker>
			</Target>
		</Build>
		<Compiler>
			<Add option="-Wall" />
			<Add option="-fexceptions" />
		</Compiler>
		<Unit filename="funcionCargarNombres.cpp" />
		<Unit filename="funcionMostrarCreditos.cpp" />
		<Unit filename="funcionMostrarEstadisticas.cpp" />
		<Unit filename="funcionMostrarPuntos.cpp" />
		<Unit filename="funciones.h" />
		<Unit filename="funcionesDado.cpp" />
		<Unit filename="funcionesJugar.cpp" />
		<Unit filename="funcionesManosJugadores.cpp" />
		<Unit filename="funcionesMazo.cpp" />
		<Unit filename="main.cpp" />
		<Extensions>
			<lib_finder disable_auto="1" />
		</Extensions>
	</Project>
</CodeBlocks_project_file>
